PODS:
  - GoogleAnalytics (3.13.0)
  - MWFeedParser (1.0.1):
    - MWFeedParser/FeedParser (= 1.0.1)
    - MWFeedParser/NSDate+InternetDateTime (= 1.0.1)
    - MWFeedParser/NSString+HTML (= 1.0.1)
  - MWFeedParser/FeedParser (1.0.1):
    - MWFeedParser/NSDate+InternetDateTime
    - MWFeedParser/NSString+HTML
  - MWFeedParser/NSDate+InternetDateTime (1.0.1)
  - MWFeedParser/NSString+HTML (1.0.1)
  - youtube-ios-player-helper (0.1.3)

DEPENDENCIES:
  - GoogleAnalytics (~> 3.1)
  - MWFeedParser (~> 1.0)
  - youtube-ios-player-helper (~> 0.1)

SPEC CHECKSUMS:
  GoogleAnalytics: fcf1f1cad57ae1a9a53520018f0f680ceeeb8b49
  MWFeedParser: 2cf646014c1baf6ad1b08c480b40a08180079247
  youtube-ios-player-helper: fccae0f10449976a025a95328e3c42ab521f93cb

COCOAPODS: 0.37.2
