PODS:
  - GoogleAnalytics-iOS-SDK (3.0.6)
  - MWFeedParser (1.0.1):
    - MWFeedParser/FeedParser (= 1.0.1)
    - MWFeedParser/NSDate+InternetDateTime (= 1.0.1)
    - MWFeedParser/NSString+HTML (= 1.0.1)
  - MWFeedParser/FeedParser (1.0.1):
    - MWFeedParser/NSDate+InternetDateTime
    - MWFeedParser/NSString+HTML
  - MWFeedParser/NSDate+InternetDateTime (1.0.1)
  - MWFeedParser/NSString+HTML (1.0.1)
  - youtube-ios-player-helper (0.1.1)

DEPENDENCIES:
  - GoogleAnalytics-iOS-SDK (= 3.0.6)
  - MWFeedParser (~> 1.0)
  - youtube-ios-player-helper (~> 0.1)

SPEC CHECKSUMS:
  GoogleAnalytics-iOS-SDK: c0e1b70cd54e0061c3edf27ddf91948895de73cd
  MWFeedParser: 2cf646014c1baf6ad1b08c480b40a08180079247
  youtube-ios-player-helper: d7350b9f9070edf482e5d0bd5e8948c0ba1437f3

COCOAPODS: 0.36.3
